
Microsoft Visual Studio Solution File, Format Version 12.00
# Visual Studio Version 17
VisualStudioVersion = 17.10.34928.147
MinimumVisualStudioVersion = 10.0.40219.1
Project("{FAE04EC0-301F-11D3-BF4B-00C04F79EFBC}") = "SAE24", "SAE24\SAE24.csproj", "{4E55ADD8-F3D6-4774-8564-7F9A3A0B822B}"
EndProject
Global
	GlobalSection(SolutionConfigurationPlatforms) = preSolution
		Debug|Any CPU = Debug|Any CPU
		Release|Any CPU = Release|Any CPU
	EndGlobalSection
	GlobalSection(ProjectConfigurationPlatforms) = postSolution
		{4E55ADD8-F3D6-4774-8564-7F9A3A0B822B}.Debug|Any CPU.ActiveCfg = Debug|Any CPU
		{4E55ADD8-F3D6-4774-8564-7F9A3A0B822B}.Debug|Any CPU.Build.0 = Debug|Any CPU
		{4E55ADD8-F3D6-4774-8564-7F9A3A0B822B}.Release|Any CPU.ActiveCfg = Release|Any CPU
		{4E55ADD8-F3D6-4774-8564-7F9A3A0B822B}.Release|Any CPU.Build.0 = Release|Any CPU
	EndGlobalSection
	GlobalSection(SolutionProperties) = preSolution
		HideSolutionNode = FALSE
	EndGlobalSection
	GlobalSection(ExtensibilityGlobals) = postSolution
		SolutionGuid = {33D1F2C7-023B-4BAA-9536-43C579087259}
	EndGlobalSection
EndGlobal
